
Microsoft Visual Studio Solution File, Format Version 12.00
# Visual Studio Version 16
VisualStudioVersion = 16.0.29123.88
MinimumVisualStudioVersion = 15.0.26124.0
Project("{2150E333-8FDC-42A3-9474-1A3956D46DE8}") = "src", "src", "{7C30E3F9-D064-4BBF-8B90-FA060D942935}"
EndProject
Project("{FAE04EC0-301F-11D3-BF4B-00C04F79EFBC}") = "benchmarks", "src\Benchmarks\benchmarks.csproj", "{3DBF80CA-97A6-4643-9F56-3D10CBE8D13A}"
EndProject
Global
	GlobalSection(SolutionConfigurationPlatforms) = preSolution
		Debug|Any CPU = Debug|Any CPU
		Debug|x64 = Debug|x64
		Debug|x86 = Debug|x86
		Release|Any CPU = Release|Any CPU
		Release|x64 = Release|x64
		Release|x86 = Release|x86
	EndGlobalSection
	GlobalSection(ProjectConfigurationPlatforms) = postSolution
		{D56023AD-346D-4353-8689-A6495CFF34D5}.Debug|Any CPU.ActiveCfg = Debug|Any CPU
		{D56023AD-346D-4353-8689-A6495CFF34D5}.Debug|Any CPU.Build.0 = Debug|Any CPU
		{D56023AD-346D-4353-8689-A6495CFF34D5}.Debug|x64.ActiveCfg = Debug|Any CPU
		{D56023AD-346D-4353-8689-A6495CFF34D5}.Debug|x64.Build.0 = Debug|Any CPU
		{D56023AD-346D-4353-8689-A6495CFF34D5}.Debug|x86.ActiveCfg = Debug|Any CPU
		{D56023AD-346D-4353-8689-A6495CFF34D5}.Debug|x86.Build.0 = Debug|Any CPU
		{D56023AD-346D-4353-8689-A6495CFF34D5}.Release|Any CPU.ActiveCfg = Release|Any CPU
		{D56023AD-346D-4353-8689-A6495CFF34D5}.Release|Any CPU.Build.0 = Release|Any CPU
		{D56023AD-346D-4353-8689-A6495CFF34D5}.Release|x64.ActiveCfg = Release|Any CPU
		{D56023AD-346D-4353-8689-A6495CFF34D5}.Release|x64.Build.0 = Release|Any CPU
		{D56023AD-346D-4353-8689-A6495CFF34D5}.Release|x86.ActiveCfg = Release|Any CPU
		{D56023AD-346D-4353-8689-A6495CFF34D5}.Release|x86.Build.0 = Release|Any CPU
		{3DBF80CA-97A6-4643-9F56-3D10CBE8D13A}.Debug|Any CPU.ActiveCfg = Debug|Any CPU
		{3DBF80CA-97A6-4643-9F56-3D10CBE8D13A}.Debug|Any CPU.Build.0 = Debug|Any CPU
		{3DBF80CA-97A6-4643-9F56-3D10CBE8D13A}.Debug|x64.ActiveCfg = Debug|Any CPU
		{3DBF80CA-97A6-4643-9F56-3D10CBE8D13A}.Debug|x64.Build.0 = Debug|Any CPU
		{3DBF80CA-97A6-4643-9F56-3D10CBE8D13A}.Debug|x86.ActiveCfg = Debug|Any CPU
		{3DBF80CA-97A6-4643-9F56-3D10CBE8D13A}.Debug|x86.Build.0 = Debug|Any CPU
		{3DBF80CA-97A6-4643-9F56-3D10CBE8D13A}.Release|Any CPU.ActiveCfg = Release|Any CPU
		{3DBF80CA-97A6-4643-9F56-3D10CBE8D13A}.Release|Any CPU.Build.0 = Release|Any CPU
		{3DBF80CA-97A6-4643-9F56-3D10CBE8D13A}.Release|x64.ActiveCfg = Release|Any CPU
		{3DBF80CA-97A6-4643-9F56-3D10CBE8D13A}.Release|x64.Build.0 = Release|Any CPU
		{3DBF80CA-97A6-4643-9F56-3D10CBE8D13A}.Release|x86.ActiveCfg = Release|Any CPU
		{3DBF80CA-97A6-4643-9F56-3D10CBE8D13A}.Release|x86.Build.0 = Release|Any CPU
	EndGlobalSection
	GlobalSection(SolutionProperties) = preSolution
		HideSolutionNode = FALSE
	EndGlobalSection
	GlobalSection(ExtensibilityGlobals) = postSolution
		SolutionGuid = {C1FB6E4B-DCC1-49DB-B088-DFE994FB3848}
	EndGlobalSection
	GlobalSection(NestedProjects) = preSolution
		{3DBF80CA-97A6-4643-9F56-3D10CBE8D13A} = {7C30E3F9-D064-4BBF-8B90-FA060D942935}
	EndGlobalSection
EndGlobal
